
Microsoft Visual Studio Solution File, Format Version 12.00
# Visual Studio Version 17
VisualStudioVersion = 17.10.35027.167
MinimumVisualStudioVersion = 10.0.40219.1
Project("{FAE04EC0-301F-11D3-BF4B-00C04F79EFBC}") = "BootcampDesignAutomation", "BootcampDesignAutomation.csproj", "{1AB38F11-0BFB-4DA2-A4A3-9713747A1076}"
EndProject
Global
	GlobalSection(SolutionConfigurationPlatforms) = preSolution
		Debug|Any CPU = Debug|Any CPU
		Release|Any CPU = Release|Any CPU
	EndGlobalSection
	GlobalSection(ProjectConfigurationPlatforms) = postSolution
		{1AB38F11-0BFB-4DA2-A4A3-9713747A1076}.Debug|Any CPU.ActiveCfg = Debug|Any CPU
		{1AB38F11-0BFB-4DA2-A4A3-9713747A1076}.Debug|Any CPU.Build.0 = Debug|Any CPU
		{1AB38F11-0BFB-4DA2-A4A3-9713747A1076}.Release|Any CPU.ActiveCfg = Release|Any CPU
		{1AB38F11-0BFB-4DA2-A4A3-9713747A1076}.Release|Any CPU.Build.0 = Release|Any CPU
	EndGlobalSection
	GlobalSection(SolutionProperties) = preSolution
		HideSolutionNode = FALSE
	EndGlobalSection
	GlobalSection(ExtensibilityGlobals) = postSolution
		SolutionGuid = {5C3BF7FF-7CD8-49AE-8040-4D3AD9736D7B}
	EndGlobalSection
EndGlobal
